// !$*UTF8*$!
{
	archiveVersion = 1;
	classes = {
	};
	objectVersion = 56;
	objects = {

/* Begin PBXBuildFile section */
		0B4E84BD2C84B72C00D2DB42 /* LaunchScreen.storyboard in Resources */ = {isa = PBXBuildFile; fileRef = 0B4E84BC2C84B72C00D2DB42 /* LaunchScreen.storyboard */; };
		0B4E84C12C84B75A00D2DB42 /* NunitoSans10pt-Regular.ttf in Resources */ = {isa = PBXBuildFile; fileRef = 0B4E84BE2C84B75A00D2DB42 /* NunitoSans10pt-Regular.ttf */; };
		0B4E84C22C84B75A00D2DB42 /* NunitoSans10pt-SemiBold.ttf in Resources */ = {isa = PBXBuildFile; fileRef = 0B4E84BF2C84B75A00D2DB42 /* NunitoSans10pt-SemiBold.ttf */; };
		0B4E84C42C84B87F00D2DB42 /* AppFont.swift in Sources */ = {isa = PBXBuildFile; fileRef = 0B4E84C32C84B87F00D2DB42 /* AppFont.swift */; };
		0B4E84C72C84B8C300D2DB42 /* AppConstant.swift in Sources */ = {isa = PBXBuildFile; fileRef = 0B4E84C62C84B8C300D2DB42 /* AppConstant.swift */; };
		0B4E84CB2C84B97300D2DB42 /* MainButton.swift in Sources */ = {isa = PBXBuildFile; fileRef = 0B4E84C82C84B97300D2DB42 /* MainButton.swift */; };
		0B4E84CC2C84B97300D2DB42 /* BaseTableView.swift in Sources */ = {isa = PBXBuildFile; fileRef = 0B4E84C92C84B97300D2DB42 /* BaseTableView.swift */; };
		0B4E84CD2C84B97300D2DB42 /* HeaderLabel.swift in Sources */ = {isa = PBXBuildFile; fileRef = 0B4E84CA2C84B97300D2DB42 /* HeaderLabel.swift */; };
		0B4E84CF2C84BA6800D2DB42 /* String+PhoneNumberFormatting.swift in Sources */ = {isa = PBXBuildFile; fileRef = 0B4E84CE2C84BA6700D2DB42 /* String+PhoneNumberFormatting.swift */; };
		0B97F6B02C84B4C40068BE69 /* AppDelegate.swift in Sources */ = {isa = PBXBuildFile; fileRef = 0B97F6AF2C84B4C40068BE69 /* AppDelegate.swift */; };
		0B97F6B22C84B4C40068BE69 /* SceneDelegate.swift in Sources */ = {isa = PBXBuildFile; fileRef = 0B97F6B12C84B4C40068BE69 /* SceneDelegate.swift */; };
		0B97F6B42C84B4C40068BE69 /* ViewController.swift in Sources */ = {isa = PBXBuildFile; fileRef = 0B97F6B32C84B4C40068BE69 /* ViewController.swift */; };
		0B97F6B92C84B4C50068BE69 /* Assets.xcassets in Resources */ = {isa = PBXBuildFile; fileRef = 0B97F6B82C84B4C50068BE69 /* Assets.xcassets */; };
/* End PBXBuildFile section */

/* Begin PBXFileReference section */
		0B4E84BC2C84B72C00D2DB42 /* LaunchScreen.storyboard */ = {isa = PBXFileReference; fileEncoding = 4; lastKnownFileType = file.storyboard; path = LaunchScreen.storyboard; sourceTree = "<group>"; };
		0B4E84BE2C84B75A00D2DB42 /* NunitoSans10pt-Regular.ttf */ = {isa = PBXFileReference; lastKnownFileType = file; path = "NunitoSans10pt-Regular.ttf"; sourceTree = "<group>"; };
		0B4E84BF2C84B75A00D2DB42 /* NunitoSans10pt-SemiBold.ttf */ = {isa = PBXFileReference; lastKnownFileType = file; path = "NunitoSans10pt-SemiBold.ttf"; sourceTree = "<group>"; };
		0B4E84C32C84B87F00D2DB42 /* AppFont.swift */ = {isa = PBXFileReference; fileEncoding = 4; lastKnownFileType = sourcecode.swift; path = AppFont.swift; sourceTree = "<group>"; };
		0B4E84C62C84B8C300D2DB42 /* AppConstant.swift */ = {isa = PBXFileReference; lastKnownFileType = sourcecode.swift; path = AppConstant.swift; sourceTree = "<group>"; };
		0B4E84C82C84B97300D2DB42 /* MainButton.swift */ = {isa = PBXFileReference; fileEncoding = 4; lastKnownFileType = sourcecode.swift; path = MainButton.swift; sourceTree = "<group>"; };
		0B4E84C92C84B97300D2DB42 /* BaseTableView.swift */ = {isa = PBXFileReference; fileEncoding = 4; lastKnownFileType = sourcecode.swift; path = BaseTableView.swift; sourceTree = "<group>"; };
		0B4E84CA2C84B97300D2DB42 /* HeaderLabel.swift */ = {isa = PBXFileReference; fileEncoding = 4; lastKnownFileType = sourcecode.swift; path = HeaderLabel.swift; sourceTree = "<group>"; };
		0B4E84CE2C84BA6700D2DB42 /* String+PhoneNumberFormatting.swift */ = {isa = PBXFileReference; fileEncoding = 4; lastKnownFileType = sourcecode.swift; path = "String+PhoneNumberFormatting.swift"; sourceTree = "<group>"; };
		0B97F6AC2C84B4C40068BE69 /* Testtask.app */ = {isa = PBXFileReference; explicitFileType = wrapper.application; includeInIndex = 0; path = Testtask.app; sourceTree = BUILT_PRODUCTS_DIR; };
		0B97F6AF2C84B4C40068BE69 /* AppDelegate.swift */ = {isa = PBXFileReference; lastKnownFileType = sourcecode.swift; path = AppDelegate.swift; sourceTree = "<group>"; };
		0B97F6B12C84B4C40068BE69 /* SceneDelegate.swift */ = {isa = PBXFileReference; lastKnownFileType = sourcecode.swift; path = SceneDelegate.swift; sourceTree = "<group>"; };
		0B97F6B32C84B4C40068BE69 /* ViewController.swift */ = {isa = PBXFileReference; lastKnownFileType = sourcecode.swift; path = ViewController.swift; sourceTree = "<group>"; };
		0B97F6B82C84B4C50068BE69 /* Assets.xcassets */ = {isa = PBXFileReference; lastKnownFileType = folder.assetcatalog; path = Assets.xcassets; sourceTree = "<group>"; };
		0B97F6BD2C84B4C50068BE69 /* Info.plist */ = {isa = PBXFileReference; lastKnownFileType = text.plist.xml; path = Info.plist; sourceTree = "<group>"; };
/* End PBXFileReference section */

/* Begin PBXFrameworksBuildPhase section */
		0B97F6A92C84B4C40068BE69 /* Frameworks */ = {
			isa = PBXFrameworksBuildPhase;
			buildActionMask = 2147483647;
			files = (
			);
			runOnlyForDeploymentPostprocessing = 0;
		};
/* End PBXFrameworksBuildPhase section */

/* Begin PBXGroup section */
		0B4E84C02C84B75A00D2DB42 /* Fonts */ = {
			isa = PBXGroup;
			children = (
				0B4E84BE2C84B75A00D2DB42 /* NunitoSans10pt-Regular.ttf */,
				0B4E84BF2C84B75A00D2DB42 /* NunitoSans10pt-SemiBold.ttf */,
			);
			path = Fonts;
			sourceTree = "<group>";
		};
		0B97F6A32C84B4C40068BE69 = {
			isa = PBXGroup;
			children = (
				0B97F6AE2C84B4C40068BE69 /* Testtask */,
				0B97F6AD2C84B4C40068BE69 /* Products */,
			);
			sourceTree = "<group>";
		};
		0B97F6AD2C84B4C40068BE69 /* Products */ = {
			isa = PBXGroup;
			children = (
				0B97F6AC2C84B4C40068BE69 /* Testtask.app */,
			);
			name = Products;
			sourceTree = "<group>";
		};
		0B97F6AE2C84B4C40068BE69 /* Testtask */ = {
			isa = PBXGroup;
			children = (
				0B97F6C52C84B5890068BE69 /* App */,
				0B97F6C72C84B59A0068BE69 /* Services */,
				0B97F6C62C84B5930068BE69 /* Screens */,
				0B97F6C42C84B5830068BE69 /* Views */,
				0B97F6C32C84B5730068BE69 /* Extensions */,
				0B97F6C82C84B5A20068BE69 /* Resources */,
			);
			path = Testtask;
			sourceTree = "<group>";
		};
		0B97F6C32C84B5730068BE69 /* Extensions */ = {
			isa = PBXGroup;
			children = (
				0B4E84CE2C84BA6700D2DB42 /* String+PhoneNumberFormatting.swift */,
			);
			path = Extensions;
			sourceTree = "<group>";
		};
		0B97F6C42C84B5830068BE69 /* Views */ = {
			isa = PBXGroup;
			children = (
				0B4E84C92C84B97300D2DB42 /* BaseTableView.swift */,
				0B4E84CA2C84B97300D2DB42 /* HeaderLabel.swift */,
				0B4E84C82C84B97300D2DB42 /* MainButton.swift */,
			);
			path = Views;
			sourceTree = "<group>";
		};
		0B97F6C52C84B5890068BE69 /* App */ = {
			isa = PBXGroup;
			children = (
				0B97F6AF2C84B4C40068BE69 /* AppDelegate.swift */,
				0B97F6B12C84B4C40068BE69 /* SceneDelegate.swift */,
				0B4E84C62C84B8C300D2DB42 /* AppConstant.swift */,
				0B4E84C32C84B87F00D2DB42 /* AppFont.swift */,
			);
			path = App;
			sourceTree = "<group>";
		};
		0B97F6C62C84B5930068BE69 /* Screens */ = {
			isa = PBXGroup;
			children = (
			);
			path = Screens;
			sourceTree = "<group>";
		};
		0B97F6C72C84B59A0068BE69 /* Services */ = {
			isa = PBXGroup;
			children = (
				0B97F6B32C84B4C40068BE69 /* ViewController.swift */,
			);
			path = Services;
			sourceTree = "<group>";
		};
		0B97F6C82C84B5A20068BE69 /* Resources */ = {
			isa = PBXGroup;
			children = (
				0B4E84C02C84B75A00D2DB42 /* Fonts */,
				0B97F6B82C84B4C50068BE69 /* Assets.xcassets */,
				0B4E84BC2C84B72C00D2DB42 /* LaunchScreen.storyboard */,
				0B97F6BD2C84B4C50068BE69 /* Info.plist */,
			);
			path = Resources;
			sourceTree = "<group>";
		};
/* End PBXGroup section */

/* Begin PBXNativeTarget section */
		0B97F6AB2C84B4C40068BE69 /* Testtask */ = {
			isa = PBXNativeTarget;
			buildConfigurationList = 0B97F6C02C84B4C50068BE69 /* Build configuration list for PBXNativeTarget "Testtask" */;
			buildPhases = (
				0B97F6A82C84B4C40068BE69 /* Sources */,
				0B97F6A92C84B4C40068BE69 /* Frameworks */,
				0B97F6AA2C84B4C40068BE69 /* Resources */,
			);
			buildRules = (
			);
			dependencies = (
			);
			name = Testtask;
			productName = Testtask;
			productReference = 0B97F6AC2C84B4C40068BE69 /* Testtask.app */;
			productType = "com.apple.product-type.application";
		};
/* End PBXNativeTarget section */

/* Begin PBXProject section */
		0B97F6A42C84B4C40068BE69 /* Project object */ = {
			isa = PBXProject;
			attributes = {
				BuildIndependentTargetsInParallel = 1;
				LastSwiftUpdateCheck = 1540;
				LastUpgradeCheck = 1540;
				TargetAttributes = {
					0B97F6AB2C84B4C40068BE69 = {
						CreatedOnToolsVersion = 15.4;
					};
				};
			};
			buildConfigurationList = 0B97F6A72C84B4C40068BE69 /* Build configuration list for PBXProject "Testtask" */;
			compatibilityVersion = "Xcode 14.0";
			developmentRegion = en;
			hasScannedForEncodings = 0;
			knownRegions = (
				en,
				Base,
			);
			mainGroup = 0B97F6A32C84B4C40068BE69;
			productRefGroup = 0B97F6AD2C84B4C40068BE69 /* Products */;
			projectDirPath = "";
			projectRoot = "";
			targets = (
				0B97F6AB2C84B4C40068BE69 /* Testtask */,
			);
		};
/* End PBXProject section */

/* Begin PBXResourcesBuildPhase section */
		0B97F6AA2C84B4C40068BE69 /* Resources */ = {
			isa = PBXResourcesBuildPhase;
			buildActionMask = 2147483647;
			files = (
				0B4E84BD2C84B72C00D2DB42 /* LaunchScreen.storyboard in Resources */,
				0B4E84C12C84B75A00D2DB42 /* NunitoSans10pt-Regular.ttf in Resources */,
				0B4E84C22C84B75A00D2DB42 /* NunitoSans10pt-SemiBold.ttf in Resources */,
				0B97F6B92C84B4C50068BE69 /* Assets.xcassets in Resources */,
			);
			runOnlyForDeploymentPostprocessing = 0;
		};
/* End PBXResourcesBuildPhase section */

/* Begin PBXSourcesBuildPhase section */
		0B97F6A82C84B4C40068BE69 /* Sources */ = {
			isa = PBXSourcesBuildPhase;
			buildActionMask = 2147483647;
			files = (
				0B4E84C42C84B87F00D2DB42 /* AppFont.swift in Sources */,
				0B4E84CC2C84B97300D2DB42 /* BaseTableView.swift in Sources */,
				0B4E84CF2C84BA6800D2DB42 /* String+PhoneNumberFormatting.swift in Sources */,
				0B4E84C72C84B8C300D2DB42 /* AppConstant.swift in Sources */,
				0B4E84CB2C84B97300D2DB42 /* MainButton.swift in Sources */,
				0B97F6B42C84B4C40068BE69 /* ViewController.swift in Sources */,
				0B4E84CD2C84B97300D2DB42 /* HeaderLabel.swift in Sources */,
				0B97F6B02C84B4C40068BE69 /* AppDelegate.swift in Sources */,
				0B97F6B22C84B4C40068BE69 /* SceneDelegate.swift in Sources */,
			);
			runOnlyForDeploymentPostprocessing = 0;
		};
/* End PBXSourcesBuildPhase section */

/* Begin XCBuildConfiguration section */
		0B97F6BE2C84B4C50068BE69 /* Debug */ = {
			isa = XCBuildConfiguration;
			buildSettings = {
				ALWAYS_SEARCH_USER_PATHS = NO;
				ASSETCATALOG_COMPILER_GENERATE_SWIFT_ASSET_SYMBOL_EXTENSIONS = YES;
				CLANG_ANALYZER_NONNULL = YES;
				CLANG_ANALYZER_NUMBER_OBJECT_CONVERSION = YES_AGGRESSIVE;
				CLANG_CXX_LANGUAGE_STANDARD = "gnu++20";
				CLANG_ENABLE_MODULES = YES;
				CLANG_ENABLE_OBJC_ARC = YES;
				CLANG_ENABLE_OBJC_WEAK = YES;
				CLANG_WARN_BLOCK_CAPTURE_AUTORELEASING = YES;
				CLANG_WARN_BOOL_CONVERSION = YES;
				CLANG_WARN_COMMA = YES;
				CLANG_WARN_CONSTANT_CONVERSION = YES;
				CLANG_WARN_DEPRECATED_OBJC_IMPLEMENTATIONS = YES;
				CLANG_WARN_DIRECT_OBJC_ISA_USAGE = YES_ERROR;
				CLANG_WARN_DOCUMENTATION_COMMENTS = YES;
				CLANG_WARN_EMPTY_BODY = YES;
				CLANG_WARN_ENUM_CONVERSION = YES;
				CLANG_WARN_INFINITE_RECURSION = YES;
				CLANG_WARN_INT_CONVERSION = YES;
				CLANG_WARN_NON_LITERAL_NULL_CONVERSION = YES;
				CLANG_WARN_OBJC_IMPLICIT_RETAIN_SELF = YES;
				CLANG_WARN_OBJC_LITERAL_CONVERSION = YES;
				CLANG_WARN_OBJC_ROOT_CLASS = YES_ERROR;
				CLANG_WARN_QUOTED_INCLUDE_IN_FRAMEWORK_HEADER = YES;
				CLANG_WARN_RANGE_LOOP_ANALYSIS = YES;
				CLANG_WARN_STRICT_PROTOTYPES = YES;
				CLANG_WARN_SUSPICIOUS_MOVE = YES;
				CLANG_WARN_UNGUARDED_AVAILABILITY = YES_AGGRESSIVE;
				CLANG_WARN_UNREACHABLE_CODE = YES;
				CLANG_WARN__DUPLICATE_METHOD_MATCH = YES;
				COPY_PHASE_STRIP = NO;
				DEBUG_INFORMATION_FORMAT = dwarf;
				ENABLE_STRICT_OBJC_MSGSEND = YES;
				ENABLE_TESTABILITY = YES;
				ENABLE_USER_SCRIPT_SANDBOXING = YES;
				GCC_C_LANGUAGE_STANDARD = gnu17;
				GCC_DYNAMIC_NO_PIC = NO;
				GCC_NO_COMMON_BLOCKS = YES;
				GCC_OPTIMIZATION_LEVEL = 0;
				GCC_PREPROCESSOR_DEFINITIONS = (
					"DEBUG=1",
					"$(inherited)",
				);
				GCC_WARN_64_TO_32_BIT_CONVERSION = YES;
				GCC_WARN_ABOUT_RETURN_TYPE = YES_ERROR;
				GCC_WARN_UNDECLARED_SELECTOR = YES;
				GCC_WARN_UNINITIALIZED_AUTOS = YES_AGGRESSIVE;
				GCC_WARN_UNUSED_FUNCTION = YES;
				GCC_WARN_UNUSED_VARIABLE = YES;
				IPHONEOS_DEPLOYMENT_TARGET = 15.0;
				LOCALIZATION_PREFERS_STRING_CATALOGS = YES;
				MTL_ENABLE_DEBUG_INFO = INCLUDE_SOURCE;
				MTL_FAST_MATH = YES;
				ONLY_ACTIVE_ARCH = YES;
				SDKROOT = iphoneos;
				SWIFT_ACTIVE_COMPILATION_CONDITIONS = "DEBUG $(inherited)";
				SWIFT_OPTIMIZATION_LEVEL = "-Onone";
			};
			name = Debug;
		};
		0B97F6BF2C84B4C50068BE69 /* Release */ = {
			isa = XCBuildConfiguration;
			buildSettings = {
				ALWAYS_SEARCH_USER_PATHS = NO;
				ASSETCATALOG_COMPILER_GENERATE_SWIFT_ASSET_SYMBOL_EXTENSIONS = YES;
				CLANG_ANALYZER_NONNULL = YES;
				CLANG_ANALYZER_NUMBER_OBJECT_CONVERSION = YES_AGGRESSIVE;
				CLANG_CXX_LANGUAGE_STANDARD = "gnu++20";
				CLANG_ENABLE_MODULES = YES;
				CLANG_ENABLE_OBJC_ARC = YES;
				CLANG_ENABLE_OBJC_WEAK = YES;
				CLANG_WARN_BLOCK_CAPTURE_AUTORELEASING = YES;
				CLANG_WARN_BOOL_CONVERSION = YES;
				CLANG_WARN_COMMA = YES;
				CLANG_WARN_CONSTANT_CONVERSION = YES;
				CLANG_WARN_DEPRECATED_OBJC_IMPLEMENTATIONS = YES;
				CLANG_WARN_DIRECT_OBJC_ISA_USAGE = YES_ERROR;
				CLANG_WARN_DOCUMENTATION_COMMENTS = YES;
				CLANG_WARN_EMPTY_BODY = YES;
				CLANG_WARN_ENUM_CONVERSION = YES;
				CLANG_WARN_INFINITE_RECURSION = YES;
				CLANG_WARN_INT_CONVERSION = YES;
				CLANG_WARN_NON_LITERAL_NULL_CONVERSION = YES;
				CLANG_WARN_OBJC_IMPLICIT_RETAIN_SELF = YES;
				CLANG_WARN_OBJC_LITERAL_CONVERSION = YES;
				CLANG_WARN_OBJC_ROOT_CLASS = YES_ERROR;
				CLANG_WARN_QUOTED_INCLUDE_IN_FRAMEWORK_HEADER = YES;
				CLANG_WARN_RANGE_LOOP_ANALYSIS = YES;
				CLANG_WARN_STRICT_PROTOTYPES = YES;
				CLANG_WARN_SUSPICIOUS_MOVE = YES;
				CLANG_WARN_UNGUARDED_AVAILABILITY = YES_AGGRESSIVE;
				CLANG_WARN_UNREACHABLE_CODE = YES;
				CLANG_WARN__DUPLICATE_METHOD_MATCH = YES;
				COPY_PHASE_STRIP = NO;
				DEBUG_INFORMATION_FORMAT = "dwarf-with-dsym";
				ENABLE_NS_ASSERTIONS = NO;
				ENABLE_STRICT_OBJC_MSGSEND = YES;
				ENABLE_USER_SCRIPT_SANDBOXING = YES;
				GCC_C_LANGUAGE_STANDARD = gnu17;
				GCC_NO_COMMON_BLOCKS = YES;
				GCC_WARN_64_TO_32_BIT_CONVERSION = YES;
				GCC_WARN_ABOUT_RETURN_TYPE = YES_ERROR;
				GCC_WARN_UNDECLARED_SELECTOR = YES;
				GCC_WARN_UNINITIALIZED_AUTOS = YES_AGGRESSIVE;
				GCC_WARN_UNUSED_FUNCTION = YES;
				GCC_WARN_UNUSED_VARIABLE = YES;
				IPHONEOS_DEPLOYMENT_TARGET = 15.0;
				LOCALIZATION_PREFERS_STRING_CATALOGS = YES;
				MTL_ENABLE_DEBUG_INFO = NO;
				MTL_FAST_MATH = YES;
				SDKROOT = iphoneos;
				SWIFT_COMPILATION_MODE = wholemodule;
				VALIDATE_PRODUCT = YES;
			};
			name = Release;
		};
		0B97F6C12C84B4C50068BE69 /* Debug */ = {
			isa = XCBuildConfiguration;
			buildSettings = {
				ASSETCATALOG_COMPILER_APPICON_NAME = AppIcon;
				ASSETCATALOG_COMPILER_GLOBAL_ACCENT_COLOR_NAME = AccentColor;
				CODE_SIGN_STYLE = Automatic;
				CURRENT_PROJECT_VERSION = 1;
				DEVELOPMENT_TEAM = FVH8LPWG75;
				GENERATE_INFOPLIST_FILE = YES;
				INFOPLIST_FILE = Testtask/Resources/Info.plist;
				INFOPLIST_KEY_UIApplicationSupportsIndirectInputEvents = YES;
				INFOPLIST_KEY_UILaunchStoryboardName = LaunchScreen;
				INFOPLIST_KEY_UISupportedInterfaceOrientations = UIInterfaceOrientationPortrait;
				IPHONEOS_DEPLOYMENT_TARGET = 15.0;
				LD_RUNPATH_SEARCH_PATHS = (
					"$(inherited)",
					"@executable_path/Frameworks",
				);
				MARKETING_VERSION = 1.0;
				PRODUCT_BUNDLE_IDENTIFIER = com.testtask.alekseienko.Testtask;
				PRODUCT_NAME = "$(TARGET_NAME)";
				SUPPORTED_PLATFORMS = "iphoneos iphonesimulator";
				SUPPORTS_MACCATALYST = NO;
				SUPPORTS_MAC_DESIGNED_FOR_IPHONE_IPAD = NO;
				SUPPORTS_XR_DESIGNED_FOR_IPHONE_IPAD = NO;
				SWIFT_EMIT_LOC_STRINGS = YES;
				SWIFT_VERSION = 5.0;
				TARGETED_DEVICE_FAMILY = 1;
			};
			name = Debug;
		};
		0B97F6C22C84B4C50068BE69 /* Release */ = {
			isa = XCBuildConfiguration;
			buildSettings = {
				ASSETCATALOG_COMPILER_APPICON_NAME = AppIcon;
				ASSETCATALOG_COMPILER_GLOBAL_ACCENT_COLOR_NAME = AccentColor;
				CODE_SIGN_STYLE = Automatic;
				CURRENT_PROJECT_VERSION = 1;
				DEVELOPMENT_TEAM = FVH8LPWG75;
				GENERATE_INFOPLIST_FILE = YES;
				INFOPLIST_FILE = Testtask/Resources/Info.plist;
				INFOPLIST_KEY_UIApplicationSupportsIndirectInputEvents = YES;
				INFOPLIST_KEY_UILaunchStoryboardName = LaunchScreen;
				INFOPLIST_KEY_UISupportedInterfaceOrientations = UIInterfaceOrientationPortrait;
				IPHONEOS_DEPLOYMENT_TARGET = 15.0;
				LD_RUNPATH_SEARCH_PATHS = (
					"$(inherited)",
					"@executable_path/Frameworks",
				);
				MARKETING_VERSION = 1.0;
				PRODUCT_BUNDLE_IDENTIFIER = com.testtask.alekseienko.Testtask;
				PRODUCT_NAME = "$(TARGET_NAME)";
				SUPPORTED_PLATFORMS = "iphoneos iphonesimulator";
				SUPPORTS_MACCATALYST = NO;
				SUPPORTS_MAC_DESIGNED_FOR_IPHONE_IPAD = NO;
				SUPPORTS_XR_DESIGNED_FOR_IPHONE_IPAD = NO;
				SWIFT_EMIT_LOC_STRINGS = YES;
				SWIFT_VERSION = 5.0;
				TARGETED_DEVICE_FAMILY = 1;
			};
			name = Release;
		};
/* End XCBuildConfiguration section */

/* Begin XCConfigurationList section */
		0B97F6A72C84B4C40068BE69 /* Build configuration list for PBXProject "Testtask" */ = {
			isa = XCConfigurationList;
			buildConfigurations = (
				0B97F6BE2C84B4C50068BE69 /* Debug */,
				0B97F6BF2C84B4C50068BE69 /* Release */,
			);
			defaultConfigurationIsVisible = 0;
			defaultConfigurationName = Release;
		};
		0B97F6C02C84B4C50068BE69 /* Build configuration list for PBXNativeTarget "Testtask" */ = {
			isa = XCConfigurationList;
			buildConfigurations = (
				0B97F6C12C84B4C50068BE69 /* Debug */,
				0B97F6C22C84B4C50068BE69 /* Release */,
			);
			defaultConfigurationIsVisible = 0;
			defaultConfigurationName = Release;
		};
/* End XCConfigurationList section */
	};
	rootObject = 0B97F6A42C84B4C40068BE69 /* Project object */;
}
